
Microsoft Visual Studio Solution File, Format Version 12.00
# Visual Studio Version 16
VisualStudioVersion = 16.0.31605.320
MinimumVisualStudioVersion = 10.0.40219.1
Project("{FAE04EC0-301F-11D3-BF4B-00C04F79EFBC}") = "GeexInApp.Android", "GeexInApp.Android\GeexInApp.Android.csproj", "{144397E4-32C4-484D-A48D-2844A107F2D9}"
EndProject
Project("{FAE04EC0-301F-11D3-BF4B-00C04F79EFBC}") = "GeexInApp.iOS", "GeexInApp.iOS\GeexInApp.iOS.csproj", "{35585D92-FFB5-4F12-9F50-9050417928BA}"
EndProject
Project("{FAE04EC0-301F-11D3-BF4B-00C04F79EFBC}") = "GeexInApp", "GeexInApp\GeexInApp.csproj", "{198AE8AC-6E31-424F-89C2-B1FA5BACF544}"
EndProject
Global
	GlobalSection(SolutionConfigurationPlatforms) = preSolution
		Debug|Any CPU = Debug|Any CPU
		Debug|iPhone = Debug|iPhone
		Debug|iPhoneSimulator = Debug|iPhoneSimulator
		Release|Any CPU = Release|Any CPU
		Release|iPhone = Release|iPhone
		Release|iPhoneSimulator = Release|iPhoneSimulator
	EndGlobalSection
	GlobalSection(ProjectConfigurationPlatforms) = postSolution
		{144397E4-32C4-484D-A48D-2844A107F2D9}.Debug|Any CPU.ActiveCfg = Debug|Any CPU
		{144397E4-32C4-484D-A48D-2844A107F2D9}.Debug|Any CPU.Build.0 = Debug|Any CPU
		{144397E4-32C4-484D-A48D-2844A107F2D9}.Debug|Any CPU.Deploy.0 = Debug|Any CPU
		{144397E4-32C4-484D-A48D-2844A107F2D9}.Debug|iPhone.ActiveCfg = Debug|Any CPU
		{144397E4-32C4-484D-A48D-2844A107F2D9}.Debug|iPhone.Build.0 = Debug|Any CPU
		{144397E4-32C4-484D-A48D-2844A107F2D9}.Debug|iPhone.Deploy.0 = Debug|Any CPU
		{144397E4-32C4-484D-A48D-2844A107F2D9}.Debug|iPhoneSimulator.ActiveCfg = Debug|Any CPU
		{144397E4-32C4-484D-A48D-2844A107F2D9}.Debug|iPhoneSimulator.Build.0 = Debug|Any CPU
		{144397E4-32C4-484D-A48D-2844A107F2D9}.Debug|iPhoneSimulator.Deploy.0 = Debug|Any CPU
		{144397E4-32C4-484D-A48D-2844A107F2D9}.Release|Any CPU.ActiveCfg = Release|Any CPU
		{144397E4-32C4-484D-A48D-2844A107F2D9}.Release|Any CPU.Build.0 = Release|Any CPU
		{144397E4-32C4-484D-A48D-2844A107F2D9}.Release|Any CPU.Deploy.0 = Release|Any CPU
		{144397E4-32C4-484D-A48D-2844A107F2D9}.Release|iPhone.ActiveCfg = Release|Any CPU
		{144397E4-32C4-484D-A48D-2844A107F2D9}.Release|iPhone.Build.0 = Release|Any CPU
		{144397E4-32C4-484D-A48D-2844A107F2D9}.Release|iPhone.Deploy.0 = Release|Any CPU
		{144397E4-32C4-484D-A48D-2844A107F2D9}.Release|iPhoneSimulator.ActiveCfg = Release|Any CPU
		{144397E4-32C4-484D-A48D-2844A107F2D9}.Release|iPhoneSimulator.Build.0 = Release|Any CPU
		{144397E4-32C4-484D-A48D-2844A107F2D9}.Release|iPhoneSimulator.Deploy.0 = Release|Any CPU
		{35585D92-FFB5-4F12-9F50-9050417928BA}.Debug|Any CPU.ActiveCfg = Debug|iPhone
		{35585D92-FFB5-4F12-9F50-9050417928BA}.Debug|Any CPU.Build.0 = Debug|iPhone
		{35585D92-FFB5-4F12-9F50-9050417928BA}.Debug|Any CPU.Deploy.0 = Debug|iPhone
		{35585D92-FFB5-4F12-9F50-9050417928BA}.Debug|iPhone.ActiveCfg = Debug|iPhone
		{35585D92-FFB5-4F12-9F50-9050417928BA}.Debug|iPhone.Build.0 = Debug|iPhone
		{35585D92-FFB5-4F12-9F50-9050417928BA}.Debug|iPhone.Deploy.0 = Debug|iPhone
		{35585D92-FFB5-4F12-9F50-9050417928BA}.Debug|iPhoneSimulator.ActiveCfg = Debug|iPhoneSimulator
		{35585D92-FFB5-4F12-9F50-9050417928BA}.Debug|iPhoneSimulator.Build.0 = Debug|iPhoneSimulator
		{35585D92-FFB5-4F12-9F50-9050417928BA}.Debug|iPhoneSimulator.Deploy.0 = Debug|iPhoneSimulator
		{35585D92-FFB5-4F12-9F50-9050417928BA}.Release|Any CPU.ActiveCfg = Release|iPhoneSimulator
		{35585D92-FFB5-4F12-9F50-9050417928BA}.Release|Any CPU.Build.0 = Release|iPhoneSimulator
		{35585D92-FFB5-4F12-9F50-9050417928BA}.Release|Any CPU.Deploy.0 = Release|iPhoneSimulator
		{35585D92-FFB5-4F12-9F50-9050417928BA}.Release|iPhone.ActiveCfg = Release|iPhone
		{35585D92-FFB5-4F12-9F50-9050417928BA}.Release|iPhone.Build.0 = Release|iPhone
		{35585D92-FFB5-4F12-9F50-9050417928BA}.Release|iPhone.Deploy.0 = Release|iPhone
		{35585D92-FFB5-4F12-9F50-9050417928BA}.Release|iPhoneSimulator.ActiveCfg = Release|iPhoneSimulator
		{35585D92-FFB5-4F12-9F50-9050417928BA}.Release|iPhoneSimulator.Build.0 = Release|iPhoneSimulator
		{35585D92-FFB5-4F12-9F50-9050417928BA}.Release|iPhoneSimulator.Deploy.0 = Release|iPhoneSimulator
		{198AE8AC-6E31-424F-89C2-B1FA5BACF544}.Debug|Any CPU.ActiveCfg = Debug|Any CPU
		{198AE8AC-6E31-424F-89C2-B1FA5BACF544}.Debug|Any CPU.Build.0 = Debug|Any CPU
		{198AE8AC-6E31-424F-89C2-B1FA5BACF544}.Debug|Any CPU.Deploy.0 = Debug|Any CPU
		{198AE8AC-6E31-424F-89C2-B1FA5BACF544}.Debug|iPhone.ActiveCfg = Debug|Any CPU
		{198AE8AC-6E31-424F-89C2-B1FA5BACF544}.Debug|iPhone.Build.0 = Debug|Any CPU
		{198AE8AC-6E31-424F-89C2-B1FA5BACF544}.Debug|iPhone.Deploy.0 = Debug|Any CPU
		{198AE8AC-6E31-424F-89C2-B1FA5BACF544}.Debug|iPhoneSimulator.ActiveCfg = Debug|Any CPU
		{198AE8AC-6E31-424F-89C2-B1FA5BACF544}.Debug|iPhoneSimulator.Build.0 = Debug|Any CPU
		{198AE8AC-6E31-424F-89C2-B1FA5BACF544}.Debug|iPhoneSimulator.Deploy.0 = Debug|Any CPU
		{198AE8AC-6E31-424F-89C2-B1FA5BACF544}.Release|Any CPU.ActiveCfg = Release|Any CPU
		{198AE8AC-6E31-424F-89C2-B1FA5BACF544}.Release|Any CPU.Build.0 = Release|Any CPU
		{198AE8AC-6E31-424F-89C2-B1FA5BACF544}.Release|Any CPU.Deploy.0 = Release|Any CPU
		{198AE8AC-6E31-424F-89C2-B1FA5BACF544}.Release|iPhone.ActiveCfg = Release|Any CPU
		{198AE8AC-6E31-424F-89C2-B1FA5BACF544}.Release|iPhone.Build.0 = Release|Any CPU
		{198AE8AC-6E31-424F-89C2-B1FA5BACF544}.Release|iPhone.Deploy.0 = Release|Any CPU
		{198AE8AC-6E31-424F-89C2-B1FA5BACF544}.Release|iPhoneSimulator.ActiveCfg = Release|Any CPU
		{198AE8AC-6E31-424F-89C2-B1FA5BACF544}.Release|iPhoneSimulator.Build.0 = Release|Any CPU
		{198AE8AC-6E31-424F-89C2-B1FA5BACF544}.Release|iPhoneSimulator.Deploy.0 = Release|Any CPU
	EndGlobalSection
	GlobalSection(SolutionProperties) = preSolution
		HideSolutionNode = FALSE
	EndGlobalSection
	GlobalSection(ExtensibilityGlobals) = postSolution
		SolutionGuid = {CC640141-31D3-462E-B7C3-D550FDBF065A}
	EndGlobalSection
EndGlobal
