
Microsoft Visual Studio Solution File, Format Version 12.00
# Visual Studio Version 16
VisualStudioVersion = 16.0.31229.75
MinimumVisualStudioVersion = 10.0.40219.1
Project("{FAE04EC0-301F-11D3-BF4B-00C04F79EFBC}") = "MyXamarinAppFlyout.Android", "MyXamarinAppFlyout.Android\MyXamarinAppFlyout.Android.csproj", "{5FF62000-D063-44A5-A547-FF47DF09FCB3}"
EndProject
Project("{FAE04EC0-301F-11D3-BF4B-00C04F79EFBC}") = "MyXamarinAppFlyout.iOS", "MyXamarinAppFlyout.iOS\MyXamarinAppFlyout.iOS.csproj", "{16935684-0867-4BE8-8738-7AA7D38B7E97}"
EndProject
Project("{FAE04EC0-301F-11D3-BF4B-00C04F79EFBC}") = "MyXamarinAppFlyout", "MyXamarinAppFlyout\MyXamarinAppFlyout.csproj", "{53EA1BEE-D475-45E4-A28F-1CC5D2B7FD59}"
EndProject
Global
	GlobalSection(SolutionConfigurationPlatforms) = preSolution
		Debug|Any CPU = Debug|Any CPU
		Debug|iPhone = Debug|iPhone
		Debug|iPhoneSimulator = Debug|iPhoneSimulator
		Release|Any CPU = Release|Any CPU
		Release|iPhone = Release|iPhone
		Release|iPhoneSimulator = Release|iPhoneSimulator
	EndGlobalSection
	GlobalSection(ProjectConfigurationPlatforms) = postSolution
		{5FF62000-D063-44A5-A547-FF47DF09FCB3}.Debug|Any CPU.ActiveCfg = Debug|Any CPU
		{5FF62000-D063-44A5-A547-FF47DF09FCB3}.Debug|Any CPU.Build.0 = Debug|Any CPU
		{5FF62000-D063-44A5-A547-FF47DF09FCB3}.Debug|Any CPU.Deploy.0 = Debug|Any CPU
		{5FF62000-D063-44A5-A547-FF47DF09FCB3}.Debug|iPhone.ActiveCfg = Debug|Any CPU
		{5FF62000-D063-44A5-A547-FF47DF09FCB3}.Debug|iPhone.Build.0 = Debug|Any CPU
		{5FF62000-D063-44A5-A547-FF47DF09FCB3}.Debug|iPhone.Deploy.0 = Debug|Any CPU
		{5FF62000-D063-44A5-A547-FF47DF09FCB3}.Debug|iPhoneSimulator.ActiveCfg = Debug|Any CPU
		{5FF62000-D063-44A5-A547-FF47DF09FCB3}.Debug|iPhoneSimulator.Build.0 = Debug|Any CPU
		{5FF62000-D063-44A5-A547-FF47DF09FCB3}.Debug|iPhoneSimulator.Deploy.0 = Debug|Any CPU
		{5FF62000-D063-44A5-A547-FF47DF09FCB3}.Release|Any CPU.ActiveCfg = Release|Any CPU
		{5FF62000-D063-44A5-A547-FF47DF09FCB3}.Release|Any CPU.Build.0 = Release|Any CPU
		{5FF62000-D063-44A5-A547-FF47DF09FCB3}.Release|Any CPU.Deploy.0 = Release|Any CPU
		{5FF62000-D063-44A5-A547-FF47DF09FCB3}.Release|iPhone.ActiveCfg = Release|Any CPU
		{5FF62000-D063-44A5-A547-FF47DF09FCB3}.Release|iPhone.Build.0 = Release|Any CPU
		{5FF62000-D063-44A5-A547-FF47DF09FCB3}.Release|iPhone.Deploy.0 = Release|Any CPU
		{5FF62000-D063-44A5-A547-FF47DF09FCB3}.Release|iPhoneSimulator.ActiveCfg = Release|Any CPU
		{5FF62000-D063-44A5-A547-FF47DF09FCB3}.Release|iPhoneSimulator.Build.0 = Release|Any CPU
		{5FF62000-D063-44A5-A547-FF47DF09FCB3}.Release|iPhoneSimulator.Deploy.0 = Release|Any CPU
		{16935684-0867-4BE8-8738-7AA7D38B7E97}.Debug|Any CPU.ActiveCfg = Debug|iPhone
		{16935684-0867-4BE8-8738-7AA7D38B7E97}.Debug|Any CPU.Build.0 = Debug|iPhone
		{16935684-0867-4BE8-8738-7AA7D38B7E97}.Debug|Any CPU.Deploy.0 = Debug|iPhone
		{16935684-0867-4BE8-8738-7AA7D38B7E97}.Debug|iPhone.ActiveCfg = Debug|iPhone
		{16935684-0867-4BE8-8738-7AA7D38B7E97}.Debug|iPhone.Build.0 = Debug|iPhone
		{16935684-0867-4BE8-8738-7AA7D38B7E97}.Debug|iPhone.Deploy.0 = Debug|iPhone
		{16935684-0867-4BE8-8738-7AA7D38B7E97}.Debug|iPhoneSimulator.ActiveCfg = Debug|iPhoneSimulator
		{16935684-0867-4BE8-8738-7AA7D38B7E97}.Debug|iPhoneSimulator.Build.0 = Debug|iPhoneSimulator
		{16935684-0867-4BE8-8738-7AA7D38B7E97}.Debug|iPhoneSimulator.Deploy.0 = Debug|iPhoneSimulator
		{16935684-0867-4BE8-8738-7AA7D38B7E97}.Release|Any CPU.ActiveCfg = Release|iPhoneSimulator
		{16935684-0867-4BE8-8738-7AA7D38B7E97}.Release|Any CPU.Build.0 = Release|iPhoneSimulator
		{16935684-0867-4BE8-8738-7AA7D38B7E97}.Release|Any CPU.Deploy.0 = Release|iPhoneSimulator
		{16935684-0867-4BE8-8738-7AA7D38B7E97}.Release|iPhone.ActiveCfg = Release|iPhone
		{16935684-0867-4BE8-8738-7AA7D38B7E97}.Release|iPhone.Build.0 = Release|iPhone
		{16935684-0867-4BE8-8738-7AA7D38B7E97}.Release|iPhone.Deploy.0 = Release|iPhone
		{16935684-0867-4BE8-8738-7AA7D38B7E97}.Release|iPhoneSimulator.ActiveCfg = Release|iPhoneSimulator
		{16935684-0867-4BE8-8738-7AA7D38B7E97}.Release|iPhoneSimulator.Build.0 = Release|iPhoneSimulator
		{16935684-0867-4BE8-8738-7AA7D38B7E97}.Release|iPhoneSimulator.Deploy.0 = Release|iPhoneSimulator
		{53EA1BEE-D475-45E4-A28F-1CC5D2B7FD59}.Debug|Any CPU.ActiveCfg = Debug|Any CPU
		{53EA1BEE-D475-45E4-A28F-1CC5D2B7FD59}.Debug|Any CPU.Build.0 = Debug|Any CPU
		{53EA1BEE-D475-45E4-A28F-1CC5D2B7FD59}.Debug|Any CPU.Deploy.0 = Debug|Any CPU
		{53EA1BEE-D475-45E4-A28F-1CC5D2B7FD59}.Debug|iPhone.ActiveCfg = Debug|Any CPU
		{53EA1BEE-D475-45E4-A28F-1CC5D2B7FD59}.Debug|iPhone.Build.0 = Debug|Any CPU
		{53EA1BEE-D475-45E4-A28F-1CC5D2B7FD59}.Debug|iPhone.Deploy.0 = Debug|Any CPU
		{53EA1BEE-D475-45E4-A28F-1CC5D2B7FD59}.Debug|iPhoneSimulator.ActiveCfg = Debug|Any CPU
		{53EA1BEE-D475-45E4-A28F-1CC5D2B7FD59}.Debug|iPhoneSimulator.Build.0 = Debug|Any CPU
		{53EA1BEE-D475-45E4-A28F-1CC5D2B7FD59}.Debug|iPhoneSimulator.Deploy.0 = Debug|Any CPU
		{53EA1BEE-D475-45E4-A28F-1CC5D2B7FD59}.Release|Any CPU.ActiveCfg = Release|Any CPU
		{53EA1BEE-D475-45E4-A28F-1CC5D2B7FD59}.Release|Any CPU.Build.0 = Release|Any CPU
		{53EA1BEE-D475-45E4-A28F-1CC5D2B7FD59}.Release|Any CPU.Deploy.0 = Release|Any CPU
		{53EA1BEE-D475-45E4-A28F-1CC5D2B7FD59}.Release|iPhone.ActiveCfg = Release|Any CPU
		{53EA1BEE-D475-45E4-A28F-1CC5D2B7FD59}.Release|iPhone.Build.0 = Release|Any CPU
		{53EA1BEE-D475-45E4-A28F-1CC5D2B7FD59}.Release|iPhone.Deploy.0 = Release|Any CPU
		{53EA1BEE-D475-45E4-A28F-1CC5D2B7FD59}.Release|iPhoneSimulator.ActiveCfg = Release|Any CPU
		{53EA1BEE-D475-45E4-A28F-1CC5D2B7FD59}.Release|iPhoneSimulator.Build.0 = Release|Any CPU
		{53EA1BEE-D475-45E4-A28F-1CC5D2B7FD59}.Release|iPhoneSimulator.Deploy.0 = Release|Any CPU
	EndGlobalSection
	GlobalSection(SolutionProperties) = preSolution
		HideSolutionNode = FALSE
	EndGlobalSection
	GlobalSection(ExtensibilityGlobals) = postSolution
		SolutionGuid = {A97FE872-D1E4-4044-B126-51D9E6ABC06B}
	EndGlobalSection
EndGlobal
