
Microsoft Visual Studio Solution File, Format Version 12.00
# Visual Studio 15
VisualStudioVersion = 15.0.26124.0
MinimumVisualStudioVersion = 15.0.26124.0
Project("{FAE04EC0-301F-11D3-BF4B-00C04F79EFBC}") = "LeetcodeProblems", "LeetcodeProblems\LeetcodeProblems.csproj", "{2B03C6DF-2075-4D0A-A8CF-E49086D16C9A}"
EndProject
Project("{FAE04EC0-301F-11D3-BF4B-00C04F79EFBC}") = "LeetcodeProblems.Tests", "LeetcodeProblems.Tests\LeetcodeProblems.Tests.csproj", "{C5A7759A-2FC1-4223-94CC-10D6821ABB82}"
EndProject
Global
	GlobalSection(SolutionConfigurationPlatforms) = preSolution
		Debug|Any CPU = Debug|Any CPU
		Debug|x64 = Debug|x64
		Debug|x86 = Debug|x86
		Release|Any CPU = Release|Any CPU
		Release|x64 = Release|x64
		Release|x86 = Release|x86
	EndGlobalSection
	GlobalSection(SolutionProperties) = preSolution
		HideSolutionNode = FALSE
	EndGlobalSection
	GlobalSection(ProjectConfigurationPlatforms) = postSolution
		{2B03C6DF-2075-4D0A-A8CF-E49086D16C9A}.Debug|Any CPU.ActiveCfg = Debug|Any CPU
		{2B03C6DF-2075-4D0A-A8CF-E49086D16C9A}.Debug|Any CPU.Build.0 = Debug|Any CPU
		{2B03C6DF-2075-4D0A-A8CF-E49086D16C9A}.Debug|x64.ActiveCfg = Debug|Any CPU
		{2B03C6DF-2075-4D0A-A8CF-E49086D16C9A}.Debug|x64.Build.0 = Debug|Any CPU
		{2B03C6DF-2075-4D0A-A8CF-E49086D16C9A}.Debug|x86.ActiveCfg = Debug|Any CPU
		{2B03C6DF-2075-4D0A-A8CF-E49086D16C9A}.Debug|x86.Build.0 = Debug|Any CPU
		{2B03C6DF-2075-4D0A-A8CF-E49086D16C9A}.Release|Any CPU.ActiveCfg = Release|Any CPU
		{2B03C6DF-2075-4D0A-A8CF-E49086D16C9A}.Release|Any CPU.Build.0 = Release|Any CPU
		{2B03C6DF-2075-4D0A-A8CF-E49086D16C9A}.Release|x64.ActiveCfg = Release|Any CPU
		{2B03C6DF-2075-4D0A-A8CF-E49086D16C9A}.Release|x64.Build.0 = Release|Any CPU
		{2B03C6DF-2075-4D0A-A8CF-E49086D16C9A}.Release|x86.ActiveCfg = Release|Any CPU
		{2B03C6DF-2075-4D0A-A8CF-E49086D16C9A}.Release|x86.Build.0 = Release|Any CPU
		{C5A7759A-2FC1-4223-94CC-10D6821ABB82}.Debug|Any CPU.ActiveCfg = Debug|Any CPU
		{C5A7759A-2FC1-4223-94CC-10D6821ABB82}.Debug|Any CPU.Build.0 = Debug|Any CPU
		{C5A7759A-2FC1-4223-94CC-10D6821ABB82}.Debug|x64.ActiveCfg = Debug|Any CPU
		{C5A7759A-2FC1-4223-94CC-10D6821ABB82}.Debug|x64.Build.0 = Debug|Any CPU
		{C5A7759A-2FC1-4223-94CC-10D6821ABB82}.Debug|x86.ActiveCfg = Debug|Any CPU
		{C5A7759A-2FC1-4223-94CC-10D6821ABB82}.Debug|x86.Build.0 = Debug|Any CPU
		{C5A7759A-2FC1-4223-94CC-10D6821ABB82}.Release|Any CPU.ActiveCfg = Release|Any CPU
		{C5A7759A-2FC1-4223-94CC-10D6821ABB82}.Release|Any CPU.Build.0 = Release|Any CPU
		{C5A7759A-2FC1-4223-94CC-10D6821ABB82}.Release|x64.ActiveCfg = Release|Any CPU
		{C5A7759A-2FC1-4223-94CC-10D6821ABB82}.Release|x64.Build.0 = Release|Any CPU
		{C5A7759A-2FC1-4223-94CC-10D6821ABB82}.Release|x86.ActiveCfg = Release|Any CPU
		{C5A7759A-2FC1-4223-94CC-10D6821ABB82}.Release|x86.Build.0 = Release|Any CPU
	EndGlobalSection
EndGlobal
